# THIS IS AN AUTOGENERATED FILE. DO NOT EDIT THIS FILE DIRECTLY.
# yarn lockfile v1


"@types/jquery@~1.10":
  version "1.10.35"
  resolved "https://registry.yarnpkg.com/@types/jquery/-/jquery-1.10.35.tgz#4e5c2b1e5b3bf0b863efb8c5e70081f52e6c9518"
  integrity sha512-SVtqEcudm7yjkTwoRA1gC6CNMhGDdMx4Pg8BPdiqI7bXXdCn1BPmtxgeWYQOgDxrq53/5YTlhq5ULxBEAlWIBg==

"@types/node@*":
  version "13.11.1"
  resolved "https://registry.yarnpkg.com/@types/node/-/node-13.11.1.tgz#49a2a83df9d26daacead30d0ccc8762b128d53c7"
  integrity sha512-eWQGP3qtxwL8FGneRrC5DwrJLGN4/dH1clNTuLfN81HCrxVtxRjygDTUoZJ5ASlDEeo0ppYFQjQIlXhtXpOn6g==

"@types/nw.js@~0.13":
  version "0.13.9"
  resolved "https://registry.yarnpkg.com/@types/nw.js/-/nw.js-0.13.9.tgz#897f335eea884750562691ddee4d209d9828f8c0"
  integrity sha512-OxpYKOFJsn8ZGdCTfssbx01PKW5DGg0gPwHWAU2C32GFu8WeMU/qTplI6SwirNZh/4ypmo6N6w2FrUO8m6iDxA==
  dependencies:
    "@types/node" "*"
